
Microsoft Visual Studio Solution File, Format Version 12.00
# Visual Studio 15
VisualStudioVersion = 15.0.27703.2042
MinimumVisualStudioVersion = 10.0.40219.1
Project("{9A19103F-16F7-4668-BE54-9A1E7A4F7556}") = "LoyaltyProgram", "LoyaltyProgram\LoyaltyProgram.csproj", "{862A69EA-62D8-422D-AD56-1E3C7C5E2A95}"
EndProject
Project("{9A19103F-16F7-4668-BE54-9A1E7A4F7556}") = "ApiGatewayMock", "ApiGatewayMock\ApiGatewayMock.csproj", "{681501F6-FFC1-460A-AE9F-FA2585FBF571}"
EndProject
Project("{FAE04EC0-301F-11D3-BF4B-00C04F79EFBC}") = "LoyaltyProgramEventConsumer", "LoyaltyProgramEventConsumer\LoyaltyProgramEventConsumer.csproj", "{EA2A38F9-4290-4C62-83D2-9F99D24FD5FA}"
EndProject
Global
	GlobalSection(SolutionConfigurationPlatforms) = preSolution
		Debug|Any CPU = Debug|Any CPU
		Release|Any CPU = Release|Any CPU
	EndGlobalSection
	GlobalSection(ProjectConfigurationPlatforms) = postSolution
		{862A69EA-62D8-422D-AD56-1E3C7C5E2A95}.Debug|Any CPU.ActiveCfg = Debug|Any CPU
		{862A69EA-62D8-422D-AD56-1E3C7C5E2A95}.Debug|Any CPU.Build.0 = Debug|Any CPU
		{862A69EA-62D8-422D-AD56-1E3C7C5E2A95}.Release|Any CPU.ActiveCfg = Release|Any CPU
		{862A69EA-62D8-422D-AD56-1E3C7C5E2A95}.Release|Any CPU.Build.0 = Release|Any CPU
		{681501F6-FFC1-460A-AE9F-FA2585FBF571}.Debug|Any CPU.ActiveCfg = Debug|Any CPU
		{681501F6-FFC1-460A-AE9F-FA2585FBF571}.Debug|Any CPU.Build.0 = Debug|Any CPU
		{681501F6-FFC1-460A-AE9F-FA2585FBF571}.Release|Any CPU.ActiveCfg = Release|Any CPU
		{681501F6-FFC1-460A-AE9F-FA2585FBF571}.Release|Any CPU.Build.0 = Release|Any CPU
		{EA2A38F9-4290-4C62-83D2-9F99D24FD5FA}.Debug|Any CPU.ActiveCfg = Debug|Any CPU
		{EA2A38F9-4290-4C62-83D2-9F99D24FD5FA}.Debug|Any CPU.Build.0 = Debug|Any CPU
		{EA2A38F9-4290-4C62-83D2-9F99D24FD5FA}.Release|Any CPU.ActiveCfg = Release|Any CPU
		{EA2A38F9-4290-4C62-83D2-9F99D24FD5FA}.Release|Any CPU.Build.0 = Release|Any CPU
	EndGlobalSection
	GlobalSection(SolutionProperties) = preSolution
		HideSolutionNode = FALSE
	EndGlobalSection
	GlobalSection(ExtensibilityGlobals) = postSolution
		SolutionGuid = {DD4F3CC7-35DC-47AC-A6C6-00A439C06BE0}
	EndGlobalSection
EndGlobal
